<Solution>
  <Project Path="eCommerce.API/eCommerce.API.csproj" />
  <Project Path="eCommerce.Application/eCommerce.Application.csproj" />
  <Project Path="eCommerce.Domain/eCommerce.Domain.csproj" />
  <Project Path="eCommerce.Infrasctructure/eCommerce.Infrastructure.csproj" />
  <Project Path="UsersService.Test/UsersService.Test.csproj" Id="428767f3-ecde-4e8f-8b81-a2ef83aec2ad" />
</Solution>
